// !$*UTF8*$!
{
	archiveVersion = 1;
	classes = {
	};
	objectVersion = 56;
	objects = {

/* Begin PBXBuildFile section */
		A101 /* RuViewApp.swift in Sources */ = {isa = PBXBuildFile; fileRef = A001 /* RuViewApp.swift */; };
		A102 /* Models.swift in Sources */ = {isa = PBXBuildFile; fileRef = A002 /* Models.swift */; };
		A103 /* RuViewClient.swift in Sources */ = {isa = PBXBuildFile; fileRef = A003 /* RuViewClient.swift */; };
		A104 /* SensingViewModel.swift in Sources */ = {isa = PBXBuildFile; fileRef = A004 /* SensingViewModel.swift */; };
		A105 /* ContentView.swift in Sources */ = {isa = PBXBuildFile; fileRef = A005 /* ContentView.swift */; };
		A106 /* DeviceSetupView.swift in Sources */ = {isa = PBXBuildFile; fileRef = A006 /* DeviceSetupView.swift */; };
		A107 /* OccupancyView.swift in Sources */ = {isa = PBXBuildFile; fileRef = A007 /* OccupancyView.swift */; };
		A108 /* VitalSignsView.swift in Sources */ = {isa = PBXBuildFile; fileRef = A008 /* VitalSignsView.swift */; };
		A109 /* SkeletonView.swift in Sources */ = {isa = PBXBuildFile; fileRef = A009 /* SkeletonView.swift */; };
		A110 /* NodeHealthView.swift in Sources */ = {isa = PBXBuildFile; fileRef = A010 /* NodeHealthView.swift */; };
		A111 /* ZoneMapView.swift in Sources */ = {isa = PBXBuildFile; fileRef = A011 /* ZoneMapView.swift */; };
		A112 /* TrainingWizardView.swift in Sources */ = {isa = PBXBuildFile; fileRef = A012 /* TrainingWizardView.swift */; };
/* End PBXBuildFile section */

/* Begin PBXFileReference section */
		A001 /* RuViewApp.swift */ = {isa = PBXFileReference; lastKnownFileType = sourcecode.swift; path = RuViewApp.swift; sourceTree = "<group>"; };
		A002 /* Models.swift */ = {isa = PBXFileReference; lastKnownFileType = sourcecode.swift; path = Models.swift; sourceTree = "<group>"; };
		A003 /* RuViewClient.swift */ = {isa = PBXFileReference; lastKnownFileType = sourcecode.swift; path = RuViewClient.swift; sourceTree = "<group>"; };
		A004 /* SensingViewModel.swift */ = {isa = PBXFileReference; lastKnownFileType = sourcecode.swift; path = SensingViewModel.swift; sourceTree = "<group>"; };
		A005 /* ContentView.swift */ = {isa = PBXFileReference; lastKnownFileType = sourcecode.swift; path = ContentView.swift; sourceTree = "<group>"; };
		A006 /* DeviceSetupView.swift */ = {isa = PBXFileReference; lastKnownFileType = sourcecode.swift; path = DeviceSetupView.swift; sourceTree = "<group>"; };
		A007 /* OccupancyView.swift */ = {isa = PBXFileReference; lastKnownFileType = sourcecode.swift; path = OccupancyView.swift; sourceTree = "<group>"; };
		A008 /* VitalSignsView.swift */ = {isa = PBXFileReference; lastKnownFileType = sourcecode.swift; path = VitalSignsView.swift; sourceTree = "<group>"; };
		A009 /* SkeletonView.swift */ = {isa = PBXFileReference; lastKnownFileType = sourcecode.swift; path = SkeletonView.swift; sourceTree = "<group>"; };
		A010 /* NodeHealthView.swift */ = {isa = PBXFileReference; lastKnownFileType = sourcecode.swift; path = NodeHealthView.swift; sourceTree = "<group>"; };
		A011 /* ZoneMapView.swift */ = {isa = PBXFileReference; lastKnownFileType = sourcecode.swift; path = ZoneMapView.swift; sourceTree = "<group>"; };
		A012 /* TrainingWizardView.swift */ = {isa = PBXFileReference; lastKnownFileType = sourcecode.swift; path = TrainingWizardView.swift; sourceTree = "<group>"; };
		A013 /* RuView.app */ = {isa = PBXFileReference; explicitFileType = wrapper.application; includeInIndex = 0; path = RuView.app; sourceTree = BUILT_PRODUCTS_DIR; };
		A014 /* Info.plist */ = {isa = PBXFileReference; lastKnownFileType = text.plist.xml; path = Info.plist; sourceTree = "<group>"; };
/* End PBXFileReference section */

/* Begin PBXGroup section */
		A020 /* Products */ = {
			isa = PBXGroup;
			children = (
				A013 /* RuView.app */,
			);
			name = Products;
			sourceTree = "<group>";
		};
		A021 /* RuView */ = {
			isa = PBXGroup;
			children = (
				A001 /* RuViewApp.swift */,
				A014 /* Info.plist */,
				A030 /* Models */,
				A031 /* Networking */,
				A032 /* ViewModels */,
				A033 /* Views */,
			);
			path = RuView;
			sourceTree = "<group>";
		};
		A030 /* Models */ = {
			isa = PBXGroup;
			children = (
				A002 /* Models.swift */,
			);
			path = Models;
			sourceTree = "<group>";
		};
		A031 /* Networking */ = {
			isa = PBXGroup;
			children = (
				A003 /* RuViewClient.swift */,
			);
			path = Networking;
			sourceTree = "<group>";
		};
		A032 /* ViewModels */ = {
			isa = PBXGroup;
			children = (
				A004 /* SensingViewModel.swift */,
			);
			path = ViewModels;
			sourceTree = "<group>";
		};
		A033 /* Views */ = {
			isa = PBXGroup;
			children = (
				A005 /* ContentView.swift */,
				A006 /* DeviceSetupView.swift */,
				A007 /* OccupancyView.swift */,
				A008 /* VitalSignsView.swift */,
				A009 /* SkeletonView.swift */,
				A010 /* NodeHealthView.swift */,
				A011 /* ZoneMapView.swift */,
				A012 /* TrainingWizardView.swift */,
			);
			path = Views;
			sourceTree = "<group>";
		};
		A040 /* MainGroup */ = {
			isa = PBXGroup;
			children = (
				A021 /* RuView */,
				A020 /* Products */,
			);
			sourceTree = "<group>";
		};
/* End PBXGroup section */

/* Begin PBXNativeTarget section */
		A050 /* RuView */ = {
			isa = PBXNativeTarget;
			buildConfigurationList = A070 /* Build configuration list for PBXNativeTarget "RuView" */;
			buildPhases = (
				A060 /* Sources */,
				A061 /* Frameworks */,
				A062 /* Resources */,
			);
			buildRules = (
			);
			dependencies = (
			);
			name = RuView;
			productName = RuView;
			productReference = A013 /* RuView.app */;
			productType = "com.apple.product-type.application";
		};
/* End PBXNativeTarget section */

/* Begin PBXProject section */
		A080 /* Project object */ = {
			isa = PBXProject;
			attributes = {
				BuildIndependentTargetsInParallel = 1;
				LastSwiftUpdateCheck = 1500;
				LastUpgradeCheck = 1500;
				TargetAttributes = {
					A050 = {
						CreatedOnToolsVersion = 15.0;
					};
				};
			};
			buildConfigurationList = A071 /* Build configuration list for PBXProject "RuView" */;
			compatibilityVersion = "Xcode 14.0";
			developmentRegion = en;
			hasScannedForEncodings = 0;
			knownRegions = (
				en,
				Base,
			);
			mainGroup = A040;
			productRefGroup = A020 /* Products */;
			projectDirPath = "";
			projectRoot = "";
			targets = (
				A050 /* RuView */,
			);
		};
/* End PBXProject section */

/* Begin PBXSourcesBuildPhase section */
		A060 /* Sources */ = {
			isa = PBXSourcesBuildPhase;
			buildActionMask = 2147483647;
			files = (
				A101 /* RuViewApp.swift in Sources */,
				A102 /* Models.swift in Sources */,
				A103 /* RuViewClient.swift in Sources */,
				A104 /* SensingViewModel.swift in Sources */,
				A105 /* ContentView.swift in Sources */,
				A106 /* DeviceSetupView.swift in Sources */,
				A107 /* OccupancyView.swift in Sources */,
				A108 /* VitalSignsView.swift in Sources */,
				A109 /* SkeletonView.swift in Sources */,
				A110 /* NodeHealthView.swift in Sources */,
				A111 /* ZoneMapView.swift in Sources */,
				A112 /* TrainingWizardView.swift in Sources */,
			);
			runOnlyForDeploymentPostprocessing = 0;
		};
/* End PBXSourcesBuildPhase section */

/* Begin PBXFrameworksBuildPhase section */
		A061 /* Frameworks */ = {
			isa = PBXFrameworksBuildPhase;
			buildActionMask = 2147483647;
			files = (
			);
			runOnlyForDeploymentPostprocessing = 0;
		};
/* End PBXFrameworksBuildPhase section */

/* Begin PBXResourcesBuildPhase section */
		A062 /* Resources */ = {
			isa = PBXResourcesBuildPhase;
			buildActionMask = 2147483647;
			files = (
			);
			runOnlyForDeploymentPostprocessing = 0;
		};
/* End PBXResourcesBuildPhase section */

/* Begin XCBuildConfiguration section */
		A090 /* Debug */ = {
			isa = XCBuildConfiguration;
			buildSettings = {
				ALWAYS_SEARCH_USER_PATHS = NO;
				ASSETCATALOG_COMPILER_GENERATE_SWIFT_ASSET_SYMBOL_EXTENSIONS = YES;
				CLANG_ANALYZER_NONNULL = YES;
				CLANG_ANALYZER_NUMBER_OBJECT_CONVERSION = YES_AGGRESSIVE;
				CLANG_CXX_LANGUAGE_STANDARD = "gnu++20";
				CLANG_ENABLE_MODULES = YES;
				CLANG_ENABLE_OBJC_ARC = YES;
				CLANG_ENABLE_OBJC_WEAK = YES;
				CLANG_WARN_BLOCK_CAPTURE_AUTORELEASING = YES;
				CLANG_WARN_BOOL_CONVERSION = YES;
				CLANG_WARN_COMMA = YES;
				CLANG_WARN_CONSTANT_CONVERSION = YES;
				CLANG_WARN_DEPRECATED_OBJC_IMPLEMENTATIONS = YES;
				CLANG_WARN_DIRECT_OBJC_ISA_USAGE = YES_ERROR;
				CLANG_WARN_DOCUMENTATION_COMMENTS = YES;
				CLANG_WARN_EMPTY_BODY = YES;
				CLANG_WARN_ENUM_CONVERSION = YES;
				CLANG_WARN_INFINITE_RECURSION = YES;
				CLANG_WARN_INT_CONVERSION = YES;
				CLANG_WARN_NON_LITERAL_NULL_CONVERSION = YES;
				CLANG_WARN_OBJC_IMPLICIT_RETAIN_CYCLE = YES;
				CLANG_WARN_OBJC_LITERAL_CONVERSION = YES;
				CLANG_WARN_OBJC_ROOT_CLASS = YES_ERROR;
				CLANG_WARN_QUOTED_INCLUDE_IN_FRAMEWORK_HEADER = YES;
				CLANG_WARN_RANGE_LOOP_ANALYSIS = YES;
				CLANG_WARN_STRICT_PROTOTYPES = YES;
				CLANG_WARN_SUSPICIOUS_MOVE = YES;
				CLANG_WARN_UNGUARDED_AVAILABILITY = YES_AGGRESSIVE;
				CLANG_WARN_UNREACHABLE_CODE = YES;
				CLANG_WARN__DUPLICATE_METHOD_MATCH = YES;
				COPY_PHASE_STRIP = NO;
				DEBUG_INFORMATION_FORMAT = dwarf;
				ENABLE_STRICT_OBJC_MSGSEND = YES;
				ENABLE_TESTABILITY = YES;
				ENABLE_USER_SCRIPT_SANDBOXING = YES;
				GCC_C_LANGUAGE_STANDARD = gnu17;
				GCC_DYNAMIC_NO_PIC = NO;
				GCC_NO_COMMON_BLOCKS = YES;
				GCC_OPTIMIZATION_LEVEL = 0;
				GCC_PREPROCESSOR_DEFINITIONS = (
					"DEBUG=1",
					"$(inherited)",
				);
				GCC_WARN_64_TO_32_BIT_CONVERSION = YES;
				GCC_WARN_ABOUT_RETURN_TYPE = YES_ERROR;
				GCC_WARN_UNDECLARED_SELECTOR = YES;
				GCC_WARN_UNINITIALIZED_AUTOS = YES_AGGRESSIVE;
				GCC_WARN_UNUSED_FUNCTION = YES;
				GCC_WARN_UNUSED_VARIABLE = YES;
				IPHONEOS_DEPLOYMENT_TARGET = 16.0;
				MTL_ENABLE_DEBUG_INFO = INCLUDE_SOURCE;
				MTL_FAST_MATH = YES;
				ONLY_ACTIVE_ARCH = YES;
				SDKROOT = iphoneos;
				SWIFT_ACTIVE_COMPILATION_CONDITIONS = DEBUG;
				SWIFT_OPTIMIZATION_LEVEL = "-Onone";
			};
			name = Debug;
		};
		A091 /* Release */ = {
			isa = XCBuildConfiguration;
			buildSettings = {
				ALWAYS_SEARCH_USER_PATHS = NO;
				ASSETCATALOG_COMPILER_GENERATE_SWIFT_ASSET_SYMBOL_EXTENSIONS = YES;
				CLANG_ANALYZER_NONNULL = YES;
				CLANG_ANALYZER_NUMBER_OBJECT_CONVERSION = YES_AGGRESSIVE;
				CLANG_CXX_LANGUAGE_STANDARD = "gnu++20";
				CLANG_ENABLE_MODULES = YES;
				CLANG_ENABLE_OBJC_ARC = YES;
				CLANG_ENABLE_OBJC_WEAK = YES;
				CLANG_WARN_BLOCK_CAPTURE_AUTORELEASING = YES;
				CLANG_WARN_BOOL_CONVERSION = YES;
				CLANG_WARN_COMMA = YES;
				CLANG_WARN_CONSTANT_CONVERSION = YES;
				CLANG_WARN_DEPRECATED_OBJC_IMPLEMENTATIONS = YES;
				CLANG_WARN_DIRECT_OBJC_ISA_USAGE = YES_ERROR;
				CLANG_WARN_DOCUMENTATION_COMMENTS = YES;
				CLANG_WARN_EMPTY_BODY = YES;
				CLANG_WARN_ENUM_CONVERSION = YES;
				CLANG_WARN_INFINITE_RECURSION = YES;
				CLANG_WARN_INT_CONVERSION = YES;
				CLANG_WARN_NON_LITERAL_NULL_CONVERSION = YES;
				CLANG_WARN_OBJC_IMPLICIT_RETAIN_CYCLE = YES;
				CLANG_WARN_OBJC_LITERAL_CONVERSION = YES;
				CLANG_WARN_OBJC_ROOT_CLASS = YES_ERROR;
				CLANG_WARN_QUOTED_INCLUDE_IN_FRAMEWORK_HEADER = YES;
				CLANG_WARN_RANGE_LOOP_ANALYSIS = YES;
				CLANG_WARN_STRICT_PROTOTYPES = YES;
				CLANG_WARN_SUSPICIOUS_MOVE = YES;
				CLANG_WARN_UNGUARDED_AVAILABILITY = YES_AGGRESSIVE;
				CLANG_WARN_UNREACHABLE_CODE = YES;
				CLANG_WARN__DUPLICATE_METHOD_MATCH = YES;
				COPY_PHASE_STRIP = NO;
				DEBUG_INFORMATION_FORMAT = "dwarf-with-dsym";
				ENABLE_NS_ASSERTIONS = NO;
				ENABLE_STRICT_OBJC_MSGSEND = YES;
				ENABLE_USER_SCRIPT_SANDBOXING = YES;
				GCC_C_LANGUAGE_STANDARD = gnu17;
				GCC_NO_COMMON_BLOCKS = YES;
				GCC_WARN_64_TO_32_BIT_CONVERSION = YES;
				GCC_WARN_ABOUT_RETURN_TYPE = YES_ERROR;
				GCC_WARN_UNDECLARED_SELECTOR = YES;
				GCC_WARN_UNINITIALIZED_AUTOS = YES_AGGRESSIVE;
				GCC_WARN_UNUSED_FUNCTION = YES;
				GCC_WARN_UNUSED_VARIABLE = YES;
				IPHONEOS_DEPLOYMENT_TARGET = 16.0;
				MTL_FAST_MATH = YES;
				SDKROOT = iphoneos;
				SWIFT_COMPILATION_MODE = wholemodule;
				VALIDATE_PRODUCT = YES;
			};
			name = Release;
		};
		A092 /* Debug */ = {
			isa = XCBuildConfiguration;
			buildSettings = {
				ASSETCATALOG_COMPILER_APPICON_NAME = AppIcon;
				ASSETCATALOG_COMPILER_GLOBAL_ACCENT_COLOR_NAME = AccentColor;
				CODE_SIGN_STYLE = Automatic;
				CURRENT_PROJECT_VERSION = 1;
				DEVELOPMENT_ASSET_PATHS = "";
				ENABLE_PREVIEWS = YES;
				GENERATE_INFOPLIST_FILE = NO;
				INFOPLIST_FILE = RuView/Info.plist;
				IPHONEOS_DEPLOYMENT_TARGET = 16.0;
				MARKETING_VERSION = 1.0;
				PRODUCT_BUNDLE_IDENTIFIER = com.ruview.sensing;
				PRODUCT_NAME = "$(TARGET_NAME)";
				SWIFT_EMIT_LOC_STRINGS = YES;
				SWIFT_VERSION = 5.0;
				TARGETED_DEVICE_FAMILY = "1,2";
			};
			name = Debug;
		};
		A093 /* Release */ = {
			isa = XCBuildConfiguration;
			buildSettings = {
				ASSETCATALOG_COMPILER_APPICON_NAME = AppIcon;
				ASSETCATALOG_COMPILER_GLOBAL_ACCENT_COLOR_NAME = AccentColor;
				CODE_SIGN_STYLE = Automatic;
				CURRENT_PROJECT_VERSION = 1;
				DEVELOPMENT_ASSET_PATHS = "";
				ENABLE_PREVIEWS = YES;
				GENERATE_INFOPLIST_FILE = NO;
				INFOPLIST_FILE = RuView/Info.plist;
				IPHONEOS_DEPLOYMENT_TARGET = 16.0;
				MARKETING_VERSION = 1.0;
				PRODUCT_BUNDLE_IDENTIFIER = com.ruview.sensing;
				PRODUCT_NAME = "$(TARGET_NAME)";
				SWIFT_EMIT_LOC_STRINGS = YES;
				SWIFT_VERSION = 5.0;
				TARGETED_DEVICE_FAMILY = "1,2";
			};
			name = Release;
		};
/* End XCBuildConfiguration section */

/* Begin XCConfigurationList section */
		A070 /* Build configuration list for PBXNativeTarget "RuView" */ = {
			isa = XCConfigurationList;
			buildConfigurations = (
				A092 /* Debug */,
				A093 /* Release */,
			);
			defaultConfigurationIsVisible = 0;
			defaultConfigurationName = Release;
		};
		A071 /* Build configuration list for PBXProject "RuView" */ = {
			isa = XCConfigurationList;
			buildConfigurations = (
				A090 /* Debug */,
				A091 /* Release */,
			);
			defaultConfigurationIsVisible = 0;
			defaultConfigurationName = Release;
		};
/* End XCConfigurationList section */

	};
	rootObject = A080 /* Project object */;
}
